Microsoft Visual Studio Solution File, Format Version 12.00
# Visual Studio Version 17
VisualStudioVersion = 17.5.2.0
MinimumVisualStudioVersion = 10.0.40219.1
Project("{FAE04EC0-301F-11D3-BF4B-00C04F79EFBC}") = "RateLimiterDemo", "RateLimiterDemo\RateLimiterDemo.csproj", "{1FCC9E80-EC03-9460-CA04-99B8B5C1FEC2}"
EndProject
Global
	GlobalSection(SolutionConfigurationPlatforms) = preSolution
		Debug|Any CPU = Debug|Any CPU
		Release|Any CPU = Release|Any CPU
	EndGlobalSection
	GlobalSection(ProjectConfigurationPlatforms) = postSolution
		{1FCC9E80-EC03-9460-CA04-99B8B5C1FEC2}.Debug|Any CPU.ActiveCfg = Debug|Any CPU
		{1FCC9E80-EC03-9460-CA04-99B8B5C1FEC2}.Debug|Any CPU.Build.0 = Debug|Any CPU
		{1FCC9E80-EC03-9460-CA04-99B8B5C1FEC2}.Release|Any CPU.ActiveCfg = Release|Any CPU
		{1FCC9E80-EC03-9460-CA04-99B8B5C1FEC2}.Release|Any CPU.Build.0 = Release|Any CPU
	EndGlobalSection
	GlobalSection(SolutionProperties) = preSolution
		HideSolutionNode = FALSE
	EndGlobalSection
	GlobalSection(ExtensibilityGlobals) = postSolution
		SolutionGuid = {15DB823D-7199-4F7F-81CD-50273FB34236}
	EndGlobalSection
EndGlobal
